# This file is automatically @generated by Wally.
# It is not intended for manual editing.
registry = "test"

[[package]]
name = "evaera/promise"
version = "4.0.0"
dependencies = []

[[package]]
name = "ffrostflame/bytenet"
version = "0.4.5"
dependencies = []

[[package]]
name = "pc/framework"
version = "0.1.0"
dependencies = [["Network", "ffrostflame/bytenet@0.4.5"], ["Promise", "evaera/promise@4.0.0"], ["Trove", "sleitnick/trove@1.2.0"]]

[[package]]
name = "sleitnick/trove"
version = "1.2.0"
dependencies = []
